
Microsoft Visual Studio Solution File, Format Version 12.00
# Visual Studio Version 17
VisualStudioVersion = 17.9.34714.143
MinimumVisualStudioVersion = 10.0.40219.1
Project("{8BC9CEB8-8B4A-11D0-8D11-00A0C91BC942}") = "Proyecto1-EstructurasDeDatos", "Proyecto1-EstructurasDeDatos\Proyecto1-EstructurasDeDatos.vcxproj", "{B95F3744-1666-4855-9535-6628DE8FB64D}"
EndProject
Project("{8BC9CEB8-8B4A-11D0-8D11-00A0C91BC942}") = "UnitTestProyecto", "UnitTestProyecto\UnitTestProyecto.vcxproj", "{CAA0597A-6C34-4598-9B6A-A987856BCEA8}"
EndProject
Global
	GlobalSection(SolutionConfigurationPlatforms) = preSolution
		Debug|x64 = Debug|x64
		Debug|x86 = Debug|x86
		Release|x64 = Release|x64
		Release|x86 = Release|x86
	EndGlobalSection
	GlobalSection(ProjectConfigurationPlatforms) = postSolution
		{B95F3744-1666-4855-9535-6628DE8FB64D}.Debug|x64.ActiveCfg = Debug|x64
		{B95F3744-1666-4855-9535-6628DE8FB64D}.Debug|x64.Build.0 = Debug|x64
		{B95F3744-1666-4855-9535-6628DE8FB64D}.Debug|x86.ActiveCfg = Debug|Win32
		{B95F3744-1666-4855-9535-6628DE8FB64D}.Debug|x86.Build.0 = Debug|Win32
		{B95F3744-1666-4855-9535-6628DE8FB64D}.Release|x64.ActiveCfg = Release|x64
		{B95F3744-1666-4855-9535-6628DE8FB64D}.Release|x64.Build.0 = Release|x64
		{B95F3744-1666-4855-9535-6628DE8FB64D}.Release|x86.ActiveCfg = Release|Win32
		{B95F3744-1666-4855-9535-6628DE8FB64D}.Release|x86.Build.0 = Release|Win32
		{CAA0597A-6C34-4598-9B6A-A987856BCEA8}.Debug|x64.ActiveCfg = Debug|x64
		{CAA0597A-6C34-4598-9B6A-A987856BCEA8}.Debug|x64.Build.0 = Debug|x64
		{CAA0597A-6C34-4598-9B6A-A987856BCEA8}.Debug|x86.ActiveCfg = Debug|Win32
		{CAA0597A-6C34-4598-9B6A-A987856BCEA8}.Debug|x86.Build.0 = Debug|Win32
		{CAA0597A-6C34-4598-9B6A-A987856BCEA8}.Release|x64.ActiveCfg = Release|x64
		{CAA0597A-6C34-4598-9B6A-A987856BCEA8}.Release|x64.Build.0 = Release|x64
		{CAA0597A-6C34-4598-9B6A-A987856BCEA8}.Release|x86.ActiveCfg = Release|Win32
		{CAA0597A-6C34-4598-9B6A-A987856BCEA8}.Release|x86.Build.0 = Release|Win32
	EndGlobalSection
	GlobalSection(SolutionProperties) = preSolution
		HideSolutionNode = FALSE
	EndGlobalSection
	GlobalSection(ExtensibilityGlobals) = postSolution
		SolutionGuid = {B6DD38BE-BD07-466B-ACBB-3C7DF211D457}
	EndGlobalSection
EndGlobal
